
Microsoft Visual Studio Solution File, Format Version 12.00
# Visual Studio Version 16
VisualStudioVersion = 16.0.29613.14
MinimumVisualStudioVersion = 10.0.40219.1
Project("{FAE04EC0-301F-11D3-BF4B-00C04F79EFBC}") = "ConceptosYPruebas", "ConceptosYPruebas\ConceptosYPruebas.csproj", "{0B31315E-B05A-4F05-B808-09E124C7A9F2}"
EndProject
Global
	GlobalSection(SolutionConfigurationPlatforms) = preSolution
		Debug|Any CPU = Debug|Any CPU
		Release|Any CPU = Release|Any CPU
	EndGlobalSection
	GlobalSection(ProjectConfigurationPlatforms) = postSolution
		{0B31315E-B05A-4F05-B808-09E124C7A9F2}.Debug|Any CPU.ActiveCfg = Debug|Any CPU
		{0B31315E-B05A-4F05-B808-09E124C7A9F2}.Debug|Any CPU.Build.0 = Debug|Any CPU
		{0B31315E-B05A-4F05-B808-09E124C7A9F2}.Release|Any CPU.ActiveCfg = Release|Any CPU
		{0B31315E-B05A-4F05-B808-09E124C7A9F2}.Release|Any CPU.Build.0 = Release|Any CPU
	EndGlobalSection
	GlobalSection(SolutionProperties) = preSolution
		HideSolutionNode = FALSE
	EndGlobalSection
	GlobalSection(ExtensibilityGlobals) = postSolution
		SolutionGuid = {7690CF8A-C853-425B-8078-921B780CA52B}
	EndGlobalSection
EndGlobal
